
Microsoft Visual Studio Solution File, Format Version 12.00
# Visual Studio Version 16
VisualStudioVersion = 25.0.1706.6
MinimumVisualStudioVersion = 10.0.40219.1
Project("{FAE04EC0-301F-11D3-BF4B-00C04F79EFBC}") = "SortingAlgorithms", "SortingAlgorithms\SortingAlgorithms.csproj", "{647789A3-4485-4BA1-86F5-E11770EF4128}"
EndProject
Global
	GlobalSection(SolutionConfigurationPlatforms) = preSolution
		Debug|Any CPU = Debug|Any CPU
		Release|Any CPU = Release|Any CPU
	EndGlobalSection
	GlobalSection(ProjectConfigurationPlatforms) = postSolution
		{647789A3-4485-4BA1-86F5-E11770EF4128}.Debug|Any CPU.ActiveCfg = Debug|Any CPU
		{647789A3-4485-4BA1-86F5-E11770EF4128}.Debug|Any CPU.Build.0 = Debug|Any CPU
		{647789A3-4485-4BA1-86F5-E11770EF4128}.Release|Any CPU.ActiveCfg = Release|Any CPU
		{647789A3-4485-4BA1-86F5-E11770EF4128}.Release|Any CPU.Build.0 = Release|Any CPU
	EndGlobalSection
	GlobalSection(SolutionProperties) = preSolution
		HideSolutionNode = FALSE
	EndGlobalSection
	GlobalSection(ExtensibilityGlobals) = postSolution
		SolutionGuid = {7C24011C-0B27-4874-877F-E521E09BB41D}
	EndGlobalSection
EndGlobal
